// !$*UTF8*$!
{
	archiveVersion = 1;
	classes = {
	};
	objectVersion = 51;
	objects = {

/* Begin PBXBuildFile section */
		1E940A3080A2ACB76264B87E /* Pods_Flix.framework in Frameworks */ = {isa = PBXBuildFile; fileRef = 4C01949EFA02768E3DAA17A4 /* Pods_Flix.framework */; };
		25DECF1625D6E0C6009474AD /* AppDelegate.swift in Sources */ = {isa = PBXBuildFile; fileRef = 25DECF1525D6E0C6009474AD /* AppDelegate.swift */; };
		25DECF1825D6E0C6009474AD /* SceneDelegate.swift in Sources */ = {isa = PBXBuildFile; fileRef = 25DECF1725D6E0C6009474AD /* SceneDelegate.swift */; };
		25DECF1D25D6E0C7009474AD /* Main.storyboard in Resources */ = {isa = PBXBuildFile; fileRef = 25DECF1B25D6E0C7009474AD /* Main.storyboard */; };
		25DECF1F25D6E0CB009474AD /* Assets.xcassets in Resources */ = {isa = PBXBuildFile; fileRef = 25DECF1E25D6E0CB009474AD /* Assets.xcassets */; };
		25DECF2225D6E0CB009474AD /* LaunchScreen.storyboard in Resources */ = {isa = PBXBuildFile; fileRef = 25DECF2025D6E0CB009474AD /* LaunchScreen.storyboard */; };
		25DECF2D25D6E0CB009474AD /* FlixTests.swift in Sources */ = {isa = PBXBuildFile; fileRef = 25DECF2C25D6E0CB009474AD /* FlixTests.swift */; };
		25DECF3825D6E0CB009474AD /* FlixUITests.swift in Sources */ = {isa = PBXBuildFile; fileRef = 25DECF3725D6E0CB009474AD /* FlixUITests.swift */; };
		25DECF4625D6E8B9009474AD /* MoviesViewController.swift in Sources */ = {isa = PBXBuildFile; fileRef = 25DECF4525D6E8B9009474AD /* MoviesViewController.swift */; };
		25DECF4825D6F49D009474AD /* MovieCell.swift in Sources */ = {isa = PBXBuildFile; fileRef = 25DECF4725D6F49D009474AD /* MovieCell.swift */; };
		25E0D54825DAE6580049D85C /* MovieDetailsViewController.swift in Sources */ = {isa = PBXBuildFile; fileRef = 25E0D54725DAE6580049D85C /* MovieDetailsViewController.swift */; };
		25E0D54A25DD99C90049D85C /* MovieGridViewController.swift in Sources */ = {isa = PBXBuildFile; fileRef = 25E0D54925DD99C90049D85C /* MovieGridViewController.swift */; };
		25E0D54C25DDA0470049D85C /* MovieGridCell.swift in Sources */ = {isa = PBXBuildFile; fileRef = 25E0D54B25DDA0470049D85C /* MovieGridCell.swift */; };
		BD23D635BC638024D737D9D5 /* Pods_Flix_FlixUITests.framework in Frameworks */ = {isa = PBXBuildFile; fileRef = EE49F910FDB7F439D86FD5B9 /* Pods_Flix_FlixUITests.framework */; };
		E913D3B49E19DF08E4BBBA0F /* Pods_FlixTests.framework in Frameworks */ = {isa = PBXBuildFile; fileRef = 1153F2EC61254AEEF82F2D09 /* Pods_FlixTests.framework */; };
/* End PBXBuildFile section */

/* Begin PBXContainerItemProxy section */
		25DECF2925D6E0CB009474AD /* PBXContainerItemProxy */ = {
			isa = PBXContainerItemProxy;
			containerPortal = 25DECF0A25D6E0C6009474AD /* Project object */;
			proxyType = 1;
			remoteGlobalIDString = 25DECF1125D6E0C6009474AD;
			remoteInfo = Flix;
		};
		25DECF3425D6E0CB009474AD /* PBXContainerItemProxy */ = {
			isa = PBXContainerItemProxy;
			containerPortal = 25DECF0A25D6E0C6009474AD /* Project object */;
			proxyType = 1;
			remoteGlobalIDString = 25DECF1125D6E0C6009474AD;
			remoteInfo = Flix;
		};
/* End PBXContainerItemProxy section */

/* Begin PBXFileReference section */
		01B7625D7EBB0E4F38750AED /* Pods-FlixTests.debug.xcconfig */ = {isa = PBXFileReference; includeInIndex = 1; lastKnownFileType = text.xcconfig; name = "Pods-FlixTests.debug.xcconfig"; path = "Target Support Files/Pods-FlixTests/Pods-FlixTests.debug.xcconfig"; sourceTree = "<group>"; };
		0FDC56E3B2FD3343805237C5 /* Pods-Flix.debug.xcconfig */ = {isa = PBXFileReference; includeInIndex = 1; lastKnownFileType = text.xcconfig; name = "Pods-Flix.debug.xcconfig"; path = "Target Support Files/Pods-Flix/Pods-Flix.debug.xcconfig"; sourceTree = "<group>"; };
		1153F2EC61254AEEF82F2D09 /* Pods_FlixTests.framework */ = {isa = PBXFileReference; explicitFileType = wrapper.framework; includeInIndex = 0; path = Pods_FlixTests.framework; sourceTree = BUILT_PRODUCTS_DIR; };
		25DECF1225D6E0C6009474AD /* Flix.app */ = {isa = PBXFileReference; explicitFileType = wrapper.application; includeInIndex = 0; path = Flix.app; sourceTree = BUILT_PRODUCTS_DIR; };
		25DECF1525D6E0C6009474AD /* AppDelegate.swift */ = {isa = PBXFileReference; lastKnownFileType = sourcecode.swift; path = AppDelegate.swift; sourceTree = "<group>"; };
		25DECF1725D6E0C6009474AD /* SceneDelegate.swift */ = {isa = PBXFileReference; lastKnownFileType = sourcecode.swift; path = SceneDelegate.swift; sourceTree = "<group>"; };
		25DECF1C25D6E0C7009474AD /* Base */ = {isa = PBXFileReference; lastKnownFileType = file.storyboard; name = Base; path = Base.lproj/Main.storyboard; sourceTree = "<group>"; };
		25DECF1E25D6E0CB009474AD /* Assets.xcassets */ = {isa = PBXFileReference; lastKnownFileType = folder.assetcatalog; path = Assets.xcassets; sourceTree = "<group>"; };
		25DECF2125D6E0CB009474AD /* Base */ = {isa = PBXFileReference; lastKnownFileType = file.storyboard; name = Base; path = Base.lproj/LaunchScreen.storyboard; sourceTree = "<group>"; };
		25DECF2325D6E0CB009474AD /* Info.plist */ = {isa = PBXFileReference; lastKnownFileType = text.plist.xml; path = Info.plist; sourceTree = "<group>"; };
		25DECF2825D6E0CB009474AD /* FlixTests.xctest */ = {isa = PBXFileReference; explicitFileType = wrapper.cfbundle; includeInIndex = 0; path = FlixTests.xctest; sourceTree = BUILT_PRODUCTS_DIR; };
		25DECF2C25D6E0CB009474AD /* FlixTests.swift */ = {isa = PBXFileReference; lastKnownFileType = sourcecode.swift; path = FlixTests.swift; sourceTree = "<group>"; };
		25DECF2E25D6E0CB009474AD /* Info.plist */ = {isa = PBXFileReference; lastKnownFileType = text.plist.xml; path = Info.plist; sourceTree = "<group>"; };
		25DECF3325D6E0CB009474AD /* FlixUITests.xctest */ = {isa = PBXFileReference; explicitFileType = wrapper.cfbundle; includeInIndex = 0; path = FlixUITests.xctest; sourceTree = BUILT_PRODUCTS_DIR; };
		25DECF3725D6E0CB009474AD /* FlixUITests.swift */ = {isa = PBXFileReference; lastKnownFileType = sourcecode.swift; path = FlixUITests.swift; sourceTree = "<group>"; };
		25DECF3925D6E0CB009474AD /* Info.plist */ = {isa = PBXFileReference; lastKnownFileType = text.plist.xml; path = Info.plist; sourceTree = "<group>"; };
		25DECF4525D6E8B9009474AD /* MoviesViewController.swift */ = {isa = PBXFileReference; lastKnownFileType = sourcecode.swift; path = MoviesViewController.swift; sourceTree = "<group>"; };
		25DECF4725D6F49D009474AD /* MovieCell.swift */ = {isa = PBXFileReference; lastKnownFileType = sourcecode.swift; path = MovieCell.swift; sourceTree = "<group>"; };
		25E0D54725DAE6580049D85C /* MovieDetailsViewController.swift */ = {isa = PBXFileReference; lastKnownFileType = sourcecode.swift; path = MovieDetailsViewController.swift; sourceTree = "<group>"; };
		25E0D54925DD99C90049D85C /* MovieGridViewController.swift */ = {isa = PBXFileReference; lastKnownFileType = sourcecode.swift; path = MovieGridViewController.swift; sourceTree = "<group>"; };
		25E0D54B25DDA0470049D85C /* MovieGridCell.swift */ = {isa = PBXFileReference; lastKnownFileType = sourcecode.swift; path = MovieGridCell.swift; sourceTree = "<group>"; };
		34A9BAA3BE513A53AAE19E78 /* Pods-Flix-FlixUITests.debug.xcconfig */ = {isa = PBXFileReference; includeInIndex = 1; lastKnownFileType = text.xcconfig; name = "Pods-Flix-FlixUITests.debug.xcconfig"; path = "Target Support Files/Pods-Flix-FlixUITests/Pods-Flix-FlixUITests.debug.xcconfig"; sourceTree = "<group>"; };
		4C01949EFA02768E3DAA17A4 /* Pods_Flix.framework */ = {isa = PBXFileReference; explicitFileType = wrapper.framework; includeInIndex = 0; path = Pods_Flix.framework; sourceTree = BUILT_PRODUCTS_DIR; };
		83DC887409F0ABFCC49ADD27 /* Pods-Flix-FlixUITests.release.xcconfig */ = {isa = PBXFileReference; includeInIndex = 1; lastKnownFileType = text.xcconfig; name = "Pods-Flix-FlixUITests.release.xcconfig"; path = "Target Support Files/Pods-Flix-FlixUITests/Pods-Flix-FlixUITests.release.xcconfig"; sourceTree = "<group>"; };
		9B254B1E580E55494C6738FB /* Pods-Flix.release.xcconfig */ = {isa = PBXFileReference; includeInIndex = 1; lastKnownFileType = text.xcconfig; name = "Pods-Flix.release.xcconfig"; path = "Target Support Files/Pods-Flix/Pods-Flix.release.xcconfig"; sourceTree = "<group>"; };
		C511DDF8A3524AFB14CA6618 /* Pods-FlixTests.release.xcconfig */ = {isa = PBXFileReference; includeInIndex = 1; lastKnownFileType = text.xcconfig; name = "Pods-FlixTests.release.xcconfig"; path = "Target Support Files/Pods-FlixTests/Pods-FlixTests.release.xcconfig"; sourceTree = "<group>"; };
		EE49F910FDB7F439D86FD5B9 /* Pods_Flix_FlixUITests.framework */ = {isa = PBXFileReference; explicitFileType = wrapper.framework; includeInIndex = 0; path = Pods_Flix_FlixUITests.framework; sourceTree = BUILT_PRODUCTS_DIR; };
/* End PBXFileReference section */

/* Begin PBXFrameworksBuildPhase section */
		25DECF0F25D6E0C6009474AD /* Frameworks */ = {
			isa = PBXFrameworksBuildPhase;
			buildActionMask = 2147483647;
			files = (
				1E940A3080A2ACB76264B87E /* Pods_Flix.framework in Frameworks */,
			);
			runOnlyForDeploymentPostprocessing = 0;
		};
		25DECF2525D6E0CB009474AD /* Frameworks */ = {
			isa = PBXFrameworksBuildPhase;
			buildActionMask = 2147483647;
			files = (
				E913D3B49E19DF08E4BBBA0F /* Pods_FlixTests.framework in Frameworks */,
			);
			runOnlyForDeploymentPostprocessing = 0;
		};
		25DECF3025D6E0CB009474AD /* Frameworks */ = {
			isa = PBXFrameworksBuildPhase;
			buildActionMask = 2147483647;
			files = (
				BD23D635BC638024D737D9D5 /* Pods_Flix_FlixUITests.framework in Frameworks */,
			);
			runOnlyForDeploymentPostprocessing = 0;
		};
/* End PBXFrameworksBuildPhase section */

/* Begin PBXGroup section */
		17CE00EB79F76940708221E3 /* Pods */ = {
			isa = PBXGroup;
			children = (
				0FDC56E3B2FD3343805237C5 /* Pods-Flix.debug.xcconfig */,
				9B254B1E580E55494C6738FB /* Pods-Flix.release.xcconfig */,
				34A9BAA3BE513A53AAE19E78 /* Pods-Flix-FlixUITests.debug.xcconfig */,
				83DC887409F0ABFCC49ADD27 /* Pods-Flix-FlixUITests.release.xcconfig */,
				01B7625D7EBB0E4F38750AED /* Pods-FlixTests.debug.xcconfig */,
				C511DDF8A3524AFB14CA6618 /* Pods-FlixTests.release.xcconfig */,
			);
			path = Pods;
			sourceTree = "<group>";
		};
		25DECF0925D6E0C6009474AD = {
			isa = PBXGroup;
			children = (
				25DECF1425D6E0C6009474AD /* Flix */,
				25DECF2B25D6E0CB009474AD /* FlixTests */,
				25DECF3625D6E0CB009474AD /* FlixUITests */,
				25DECF1325D6E0C6009474AD /* Products */,
				17CE00EB79F76940708221E3 /* Pods */,
				AD3A7D2BD3349B945F3C58A1 /* Frameworks */,
			);
			sourceTree = "<group>";
		};
		25DECF1325D6E0C6009474AD /* Products */ = {
			isa = PBXGroup;
			children = (
				25DECF1225D6E0C6009474AD /* Flix.app */,
				25DECF2825D6E0CB009474AD /* FlixTests.xctest */,
				25DECF3325D6E0CB009474AD /* FlixUITests.xctest */,
			);
			name = Products;
			sourceTree = "<group>";
		};
		25DECF1425D6E0C6009474AD /* Flix */ = {
			isa = PBXGroup;
			children = (
				25DECF1525D6E0C6009474AD /* AppDelegate.swift */,
				25DECF1725D6E0C6009474AD /* SceneDelegate.swift */,
				25DECF1B25D6E0C7009474AD /* Main.storyboard */,
				25DECF1E25D6E0CB009474AD /* Assets.xcassets */,
				25DECF2025D6E0CB009474AD /* LaunchScreen.storyboard */,
				25DECF2325D6E0CB009474AD /* Info.plist */,
				25DECF4525D6E8B9009474AD /* MoviesViewController.swift */,
				25DECF4725D6F49D009474AD /* MovieCell.swift */,
				25E0D54725DAE6580049D85C /* MovieDetailsViewController.swift */,
				25E0D54925DD99C90049D85C /* MovieGridViewController.swift */,
				25E0D54B25DDA0470049D85C /* MovieGridCell.swift */,
			);
			path = Flix;
			sourceTree = "<group>";
		};
		25DECF2B25D6E0CB009474AD /* FlixTests */ = {
			isa = PBXGroup;
			children = (
				25DECF2C25D6E0CB009474AD /* FlixTests.swift */,
				25DECF2E25D6E0CB009474AD /* Info.plist */,
			);
			path = FlixTests;
			sourceTree = "<group>";
		};
		25DECF3625D6E0CB009474AD /* FlixUITests */ = {
			isa = PBXGroup;
			children = (
				25DECF3725D6E0CB009474AD /* FlixUITests.swift */,
				25DECF3925D6E0CB009474AD /* Info.plist */,
			);
			path = FlixUITests;
			sourceTree = "<group>";
		};
		AD3A7D2BD3349B945F3C58A1 /* Frameworks */ = {
			isa = PBXGroup;
			children = (
				4C01949EFA02768E3DAA17A4 /* Pods_Flix.framework */,
				EE49F910FDB7F439D86FD5B9 /* Pods_Flix_FlixUITests.framework */,
				1153F2EC61254AEEF82F2D09 /* Pods_FlixTests.framework */,
			);
			name = Frameworks;
			sourceTree = "<group>";
		};
/* End PBXGroup section */

/* Begin PBXNativeTarget section */
		25DECF1125D6E0C6009474AD /* Flix */ = {
			isa = PBXNativeTarget;
			buildConfigurationList = 25DECF3C25D6E0CB009474AD /* Build configuration list for PBXNativeTarget "Flix" */;
			buildPhases = (
				A9FC75FA8A381514EFC58A55 /* [CP] Check Pods Manifest.lock */,
				25DECF0E25D6E0C6009474AD /* Sources */,
				25DECF0F25D6E0C6009474AD /* Frameworks */,
				25DECF1025D6E0C6009474AD /* Resources */,
				33425B118C9896786D8757D4 /* [CP] Embed Pods Frameworks */,
			);
			buildRules = (
			);
			dependencies = (
			);
			name = Flix;
			productName = Flix;
			productReference = 25DECF1225D6E0C6009474AD /* Flix.app */;
			productType = "com.apple.product-type.application";
		};
		25DECF2725D6E0CB009474AD /* FlixTests */ = {
			isa = PBXNativeTarget;
			buildConfigurationList = 25DECF3F25D6E0CB009474AD /* Build configuration list for PBXNativeTarget "FlixTests" */;
			buildPhases = (
				71F4F80313BF0F39C75D92E5 /* [CP] Check Pods Manifest.lock */,
				25DECF2425D6E0CB009474AD /* Sources */,
				25DECF2525D6E0CB009474AD /* Frameworks */,
				25DECF2625D6E0CB009474AD /* Resources */,
			);
			buildRules = (
			);
			dependencies = (
				25DECF2A25D6E0CB009474AD /* PBXTargetDependency */,
			);
			name = FlixTests;
			productName = FlixTests;
			productReference = 25DECF2825D6E0CB009474AD /* FlixTests.xctest */;
			productType = "com.apple.product-type.bundle.unit-test";
		};
		25DECF3225D6E0CB009474AD /* FlixUITests */ = {
			isa = PBXNativeTarget;
			buildConfigurationList = 25DECF4225D6E0CB009474AD /* Build configuration list for PBXNativeTarget "FlixUITests" */;
			buildPhases = (
				BD388161725058D18BCA5B18 /* [CP] Check Pods Manifest.lock */,
				25DECF2F25D6E0CB009474AD /* Sources */,
				25DECF3025D6E0CB009474AD /* Frameworks */,
				25DECF3125D6E0CB009474AD /* Resources */,
				53C7D53EB247354DC252367F /* [CP] Embed Pods Frameworks */,
			);
			buildRules = (
			);
			dependencies = (
				25DECF3525D6E0CB009474AD /* PBXTargetDependency */,
			);
			name = FlixUITests;
			productName = FlixUITests;
			productReference = 25DECF3325D6E0CB009474AD /* FlixUITests.xctest */;
			productType = "com.apple.product-type.bundle.ui-testing";
		};
/* End PBXNativeTarget section */

/* Begin PBXProject section */
		25DECF0A25D6E0C6009474AD /* Project object */ = {
			isa = PBXProject;
			attributes = {
				LastSwiftUpdateCheck = 1130;
				LastUpgradeCheck = 1130;
				ORGANIZATIONNAME = Codepath;
				TargetAttributes = {
					25DECF1125D6E0C6009474AD = {
						CreatedOnToolsVersion = 11.3.1;
					};
					25DECF2725D6E0CB009474AD = {
						CreatedOnToolsVersion = 11.3.1;
						TestTargetID = 25DECF1125D6E0C6009474AD;
					};
					25DECF3225D6E0CB009474AD = {
						CreatedOnToolsVersion = 11.3.1;
						TestTargetID = 25DECF1125D6E0C6009474AD;
					};
				};
			};
			buildConfigurationList = 25DECF0D25D6E0C6009474AD /* Build configuration list for PBXProject "Flix" */;
			compatibilityVersion = "Xcode 9.3";
			developmentRegion = en;
			hasScannedForEncodings = 0;
			knownRegions = (
				en,
				Base,
			);
			mainGroup = 25DECF0925D6E0C6009474AD;
			productRefGroup = 25DECF1325D6E0C6009474AD /* Products */;
			projectDirPath = "";
			projectRoot = "";
			targets = (
				25DECF1125D6E0C6009474AD /* Flix */,
				25DECF2725D6E0CB009474AD /* FlixTests */,
				25DECF3225D6E0CB009474AD /* FlixUITests */,
			);
		};
/* End PBXProject section */

/* Begin PBXResourcesBuildPhase section */
		25DECF1025D6E0C6009474AD /* Resources */ = {
			isa = PBXResourcesBuildPhase;
			buildActionMask = 2147483647;
			files = (
				25DECF2225D6E0CB009474AD /* LaunchScreen.storyboard in Resources */,
				25DECF1F25D6E0CB009474AD /* Assets.xcassets in Resources */,
				25DECF1D25D6E0C7009474AD /* Main.storyboard in Resources */,
			);
			runOnlyForDeploymentPostprocessing = 0;
		};
		25DECF2625D6E0CB009474AD /* Resources */ = {
			isa = PBXResourcesBuildPhase;
			buildActionMask = 2147483647;
			files = (
			);
			runOnlyForDeploymentPostprocessing = 0;
		};
		25DECF3125D6E0CB009474AD /* Resources */ = {
			isa = PBXResourcesBuildPhase;
			buildActionMask = 2147483647;
			files = (
			);
			runOnlyForDeploymentPostprocessing = 0;
		};
/* End PBXResourcesBuildPhase section */

/* Begin PBXShellScriptBuildPhase section */
		33425B118C9896786D8757D4 /* [CP] Embed Pods Frameworks */ = {
			isa = PBXShellScriptBuildPhase;
			buildActionMask = 2147483647;
			files = (
			);
			inputFileListPaths = (
				"${PODS_ROOT}/Target Support Files/Pods-Flix/Pods-Flix-frameworks-${CONFIGURATION}-input-files.xcfilelist",
			);
			name = "[CP] Embed Pods Frameworks";
			outputFileListPaths = (
				"${PODS_ROOT}/Target Support Files/Pods-Flix/Pods-Flix-frameworks-${CONFIGURATION}-output-files.xcfilelist",
			);
			runOnlyForDeploymentPostprocessing = 0;
			shellPath = /bin/sh;
			shellScript = "\"${PODS_ROOT}/Target Support Files/Pods-Flix/Pods-Flix-frameworks.sh\"\n";
			showEnvVarsInLog = 0;
		};
		53C7D53EB247354DC252367F /* [CP] Embed Pods Frameworks */ = {
			isa = PBXShellScriptBuildPhase;
			buildActionMask = 2147483647;
			files = (
			);
			inputFileListPaths = (
				"${PODS_ROOT}/Target Support Files/Pods-Flix-FlixUITests/Pods-Flix-FlixUITests-frameworks-${CONFIGURATION}-input-files.xcfilelist",
			);
			name = "[CP] Embed Pods Frameworks";
			outputFileListPaths = (
				"${PODS_ROOT}/Target Support Files/Pods-Flix-FlixUITests/Pods-Flix-FlixUITests-frameworks-${CONFIGURATION}-output-files.xcfilelist",
			);
			runOnlyForDeploymentPostprocessing = 0;
			shellPath = /bin/sh;
			shellScript = "\"${PODS_ROOT}/Target Support Files/Pods-Flix-FlixUITests/Pods-Flix-FlixUITests-frameworks.sh\"\n";
			showEnvVarsInLog = 0;
		};
		71F4F80313BF0F39C75D92E5 /* [CP] Check Pods Manifest.lock */ = {
			isa = PBXShellScriptBuildPhase;
			buildActionMask = 2147483647;
			files = (
			);
			inputFileListPaths = (
			);
			inputPaths = (
				"${PODS_PODFILE_DIR_PATH}/Podfile.lock",
				"${PODS_ROOT}/Manifest.lock",
			);
			name = "[CP] Check Pods Manifest.lock";
			outputFileListPaths = (
			);
			outputPaths = (
				"$(DERIVED_FILE_DIR)/Pods-FlixTests-checkManifestLockResult.txt",
			);
			runOnlyForDeploymentPostprocessing = 0;
			shellPath = /bin/sh;
			shellScript = "diff \"${PODS_PODFILE_DIR_PATH}/Podfile.lock\" \"${PODS_ROOT}/Manifest.lock\" > /dev/null\nif [ $? != 0 ] ; then\n    # print error to STDERR\n    echo \"error: The sandbox is not in sync with the Podfile.lock. Run 'pod install' or update your CocoaPods installation.\" >&2\n    exit 1\nfi\n# This output is used by Xcode 'outputs' to avoid re-running this script phase.\necho \"SUCCESS\" > \"${SCRIPT_OUTPUT_FILE_0}\"\n";
			showEnvVarsInLog = 0;
		};
		A9FC75FA8A381514EFC58A55 /* [CP] Check Pods Manifest.lock */ = {
			isa = PBXShellScriptBuildPhase;
			buildActionMask = 2147483647;
			files = (
			);
			inputFileListPaths = (
			);
			inputPaths = (
				"${PODS_PODFILE_DIR_PATH}/Podfile.lock",
				"${PODS_ROOT}/Manifest.lock",
			);
			name = "[CP] Check Pods Manifest.lock";
			outputFileListPaths = (
			);
			outputPaths = (
				"$(DERIVED_FILE_DIR)/Pods-Flix-checkManifestLockResult.txt",
			);
			runOnlyForDeploymentPostprocessing = 0;
			shellPath = /bin/sh;
			shellScript = "diff \"${PODS_PODFILE_DIR_PATH}/Podfile.lock\" \"${PODS_ROOT}/Manifest.lock\" > /dev/null\nif [ $? != 0 ] ; then\n    # print error to STDERR\n    echo \"error: The sandbox is not in sync with the Podfile.lock. Run 'pod install' or update your CocoaPods installation.\" >&2\n    exit 1\nfi\n# This output is used by Xcode 'outputs' to avoid re-running this script phase.\necho \"SUCCESS\" > \"${SCRIPT_OUTPUT_FILE_0}\"\n";
			showEnvVarsInLog = 0;
		};
		BD388161725058D18BCA5B18 /* [CP] Check Pods Manifest.lock */ = {
			isa = PBXShellScriptBuildPhase;
			buildActionMask = 2147483647;
			files = (
			);
			inputFileListPaths = (
			);
			inputPaths = (
				"${PODS_PODFILE_DIR_PATH}/Podfile.lock",
				"${PODS_ROOT}/Manifest.lock",
			);
			name = "[CP] Check Pods Manifest.lock";
			outputFileListPaths = (
			);
			outputPaths = (
				"$(DERIVED_FILE_DIR)/Pods-Flix-FlixUITests-checkManifestLockResult.txt",
			);
			runOnlyForDeploymentPostprocessing = 0;
			shellPath = /bin/sh;
			shellScript = "diff \"${PODS_PODFILE_DIR_PATH}/Podfile.lock\" \"${PODS_ROOT}/Manifest.lock\" > /dev/null\nif [ $? != 0 ] ; then\n    # print error to STDERR\n    echo \"error: The sandbox is not in sync with the Podfile.lock. Run 'pod install' or update your CocoaPods installation.\" >&2\n    exit 1\nfi\n# This output is used by Xcode 'outputs' to avoid re-running this script phase.\necho \"SUCCESS\" > \"${SCRIPT_OUTPUT_FILE_0}\"\n";
			showEnvVarsInLog = 0;
		};
/* End PBXShellScriptBuildPhase section */

/* Begin PBXSourcesBuildPhase section */
		25DECF0E25D6E0C6009474AD /* Sources */ = {
			isa = PBXSourcesBuildPhase;
			buildActionMask = 2147483647;
			files = (
				25E0D54825DAE6580049D85C /* MovieDetailsViewController.swift in Sources */,
				25DECF1625D6E0C6009474AD /* AppDelegate.swift in Sources */,
				25DECF1825D6E0C6009474AD /* SceneDelegate.swift in Sources */,
				25DECF4825D6F49D009474AD /* MovieCell.swift in Sources */,
				25DECF4625D6E8B9009474AD /* MoviesViewController.swift in Sources */,
				25E0D54A25DD99C90049D85C /* MovieGridViewController.swift in Sources */,
				25E0D54C25DDA0470049D85C /* MovieGridCell.swift in Sources */,
			);
			runOnlyForDeploymentPostprocessing = 0;
		};
		25DECF2425D6E0CB009474AD /* Sources */ = {
			isa = PBXSourcesBuildPhase;
			buildActionMask = 2147483647;
			files = (
				25DECF2D25D6E0CB009474AD /* FlixTests.swift in Sources */,
			);
			runOnlyForDeploymentPostprocessing = 0;
		};
		25DECF2F25D6E0CB009474AD /* Sources */ = {
			isa = PBXSourcesBuildPhase;
			buildActionMask = 2147483647;
			files = (
				25DECF3825D6E0CB009474AD /* FlixUITests.swift in Sources */,
			);
			runOnlyForDeploymentPostprocessing = 0;
		};
/* End PBXSourcesBuildPhase section */

/* Begin PBXTargetDependency section */
		25DECF2A25D6E0CB009474AD /* PBXTargetDependency */ = {
			isa = PBXTargetDependency;
			target = 25DECF1125D6E0C6009474AD /* Flix */;
			targetProxy = 25DECF2925D6E0CB009474AD /* PBXContainerItemProxy */;
		};
		25DECF3525D6E0CB009474AD /* PBXTargetDependency */ = {
			isa = PBXTargetDependency;
			target = 25DECF1125D6E0C6009474AD /* Flix */;
			targetProxy = 25DECF3425D6E0CB009474AD /* PBXContainerItemProxy */;
		};
/* End PBXTargetDependency section */

/* Begin PBXVariantGroup section */
		25DECF1B25D6E0C7009474AD /* Main.storyboard */ = {
			isa = PBXVariantGroup;
			children = (
				25DECF1C25D6E0C7009474AD /* Base */,
			);
			name = Main.storyboard;
			sourceTree = "<group>";
		};
		25DECF2025D6E0CB009474AD /* LaunchScreen.storyboard */ = {
			isa = PBXVariantGroup;
			children = (
				25DECF2125D6E0CB009474AD /* Base */,
			);
			name = LaunchScreen.storyboard;
			sourceTree = "<group>";
		};
/* End PBXVariantGroup section */

/* Begin XCBuildConfiguration section */
		25DECF3A25D6E0CB009474AD /* Debug */ = {
			isa = XCBuildConfiguration;
			buildSettings = {
				ALWAYS_SEARCH_USER_PATHS = NO;
				CLANG_ANALYZER_NONNULL = YES;
				CLANG_ANALYZER_NUMBER_OBJECT_CONVERSION = YES_AGGRESSIVE;
				CLANG_CXX_LANGUAGE_STANDARD = "gnu++14";
				CLANG_CXX_LIBRARY = "libc++";
				CLANG_ENABLE_MODULES = YES;
				CLANG_ENABLE_OBJC_ARC = YES;
				CLANG_ENABLE_OBJC_WEAK = YES;
				CLANG_WARN_BLOCK_CAPTURE_AUTORELEASING = YES;
				CLANG_WARN_BOOL_CONVERSION = YES;
				CLANG_WARN_COMMA = YES;
				CLANG_WARN_CONSTANT_CONVERSION = YES;
				CLANG_WARN_DEPRECATED_OBJC_IMPLEMENTATIONS = YES;
				CLANG_WARN_DIRECT_OBJC_ISA_USAGE = YES_ERROR;
				CLANG_WARN_DOCUMENTATION_COMMENTS = YES;
				CLANG_WARN_EMPTY_BODY = YES;
				CLANG_WARN_ENUM_CONVERSION = YES;
				CLANG_WARN_INFINITE_RECURSION = YES;
				CLANG_WARN_INT_CONVERSION = YES;
				CLANG_WARN_NON_LITERAL_NULL_CONVERSION = YES;
				CLANG_WARN_OBJC_IMPLICIT_RETAIN_SELF = YES;
				CLANG_WARN_OBJC_LITERAL_CONVERSION = YES;
				CLANG_WARN_OBJC_ROOT_CLASS = YES_ERROR;
				CLANG_WARN_RANGE_LOOP_ANALYSIS = YES;
				CLANG_WARN_STRICT_PROTOTYPES = YES;
				CLANG_WARN_SUSPICIOUS_MOVE = YES;
				CLANG_WARN_UNGUARDED_AVAILABILITY = YES_AGGRESSIVE;
				CLANG_WARN_UNREACHABLE_CODE = YES;
				CLANG_WARN__DUPLICATE_METHOD_MATCH = YES;
				COPY_PHASE_STRIP = NO;
				DEBUG_INFORMATION_FORMAT = dwarf;
				ENABLE_STRICT_OBJC_MSGSEND = YES;
				ENABLE_TESTABILITY = YES;
				GCC_C_LANGUAGE_STANDARD = gnu11;
				GCC_DYNAMIC_NO_PIC = NO;
				GCC_NO_COMMON_BLOCKS = YES;
				GCC_OPTIMIZATION_LEVEL = 0;
				GCC_PREPROCESSOR_DEFINITIONS = (
					"DEBUG=1",
					"$(inherited)",
				);
				GCC_WARN_64_TO_32_BIT_CONVERSION = YES;
				GCC_WARN_ABOUT_RETURN_TYPE = YES_ERROR;
				GCC_WARN_UNDECLARED_SELECTOR = YES;
				GCC_WARN_UNINITIALIZED_AUTOS = YES_AGGRESSIVE;
				GCC_WARN_UNUSED_FUNCTION = YES;
				GCC_WARN_UNUSED_VARIABLE = YES;
				IPHONEOS_DEPLOYMENT_TARGET = 13.2;
				MTL_ENABLE_DEBUG_INFO = INCLUDE_SOURCE;
				MTL_FAST_MATH = YES;
				ONLY_ACTIVE_ARCH = YES;
				SDKROOT = iphoneos;
				SWIFT_ACTIVE_COMPILATION_CONDITIONS = DEBUG;
				SWIFT_OPTIMIZATION_LEVEL = "-Onone";
			};
			name = Debug;
		};
		25DECF3B25D6E0CB009474AD /* Release */ = {
			isa = XCBuildConfiguration;
			buildSettings = {
				ALWAYS_SEARCH_USER_PATHS = NO;
				CLANG_ANALYZER_NONNULL = YES;
				CLANG_ANALYZER_NUMBER_OBJECT_CONVERSION = YES_AGGRESSIVE;
				CLANG_CXX_LANGUAGE_STANDARD = "gnu++14";
				CLANG_CXX_LIBRARY = "libc++";
				CLANG_ENABLE_MODULES = YES;
				CLANG_ENABLE_OBJC_ARC = YES;
				CLANG_ENABLE_OBJC_WEAK = YES;
				CLANG_WARN_BLOCK_CAPTURE_AUTORELEASING = YES;
				CLANG_WARN_BOOL_CONVERSION = YES;
				CLANG_WARN_COMMA = YES;
				CLANG_WARN_CONSTANT_CONVERSION = YES;
				CLANG_WARN_DEPRECATED_OBJC_IMPLEMENTATIONS = YES;
				CLANG_WARN_DIRECT_OBJC_ISA_USAGE = YES_ERROR;
				CLANG_WARN_DOCUMENTATION_COMMENTS = YES;
				CLANG_WARN_EMPTY_BODY = YES;
				CLANG_WARN_ENUM_CONVERSION = YES;
				CLANG_WARN_INFINITE_RECURSION = YES;
				CLANG_WARN_INT_CONVERSION = YES;
				CLANG_WARN_NON_LITERAL_NULL_CONVERSION = YES;
				CLANG_WARN_OBJC_IMPLICIT_RETAIN_SELF = YES;
				CLANG_WARN_OBJC_LITERAL_CONVERSION = YES;
				CLANG_WARN_OBJC_ROOT_CLASS = YES_ERROR;
				CLANG_WARN_RANGE_LOOP_ANALYSIS = YES;
				CLANG_WARN_STRICT_PROTOTYPES = YES;
				CLANG_WARN_SUSPICIOUS_MOVE = YES;
				CLANG_WARN_UNGUARDED_AVAILABILITY = YES_AGGRESSIVE;
				CLANG_WARN_UNREACHABLE_CODE = YES;
				CLANG_WARN__DUPLICATE_METHOD_MATCH = YES;
				COPY_PHASE_STRIP = NO;
				DEBUG_INFORMATION_FORMAT = "dwarf-with-dsym";
				ENABLE_NS_ASSERTIONS = NO;
				ENABLE_STRICT_OBJC_MSGSEND = YES;
				GCC_C_LANGUAGE_STANDARD = gnu11;
				GCC_NO_COMMON_BLOCKS = YES;
				GCC_WARN_64_TO_32_BIT_CONVERSION = YES;
				GCC_WARN_ABOUT_RETURN_TYPE = YES_ERROR;
				GCC_WARN_UNDECLARED_SELECTOR = YES;
				GCC_WARN_UNINITIALIZED_AUTOS = YES_AGGRESSIVE;
				GCC_WARN_UNUSED_FUNCTION = YES;
				GCC_WARN_UNUSED_VARIABLE = YES;
				IPHONEOS_DEPLOYMENT_TARGET = 13.2;
				MTL_ENABLE_DEBUG_INFO = NO;
				MTL_FAST_MATH = YES;
				SDKROOT = iphoneos;
				SWIFT_COMPILATION_MODE = wholemodule;
				SWIFT_OPTIMIZATION_LEVEL = "-O";
				VALIDATE_PRODUCT = YES;
			};
			name = Release;
		};
		25DECF3D25D6E0CB009474AD /* Debug */ = {
			isa = XCBuildConfiguration;
			baseConfigurationReference = 0FDC56E3B2FD3343805237C5 /* Pods-Flix.debug.xcconfig */;
			buildSettings = {
				ASSETCATALOG_COMPILER_APPICON_NAME = AppIcon;
				CODE_SIGN_STYLE = Automatic;
				INFOPLIST_FILE = Flix/Info.plist;
				LD_RUNPATH_SEARCH_PATHS = (
					"$(inherited)",
					"@executable_path/Frameworks",
				);
				PRODUCT_BUNDLE_IDENTIFIER = GroupAlert.Flix;
				PRODUCT_NAME = "$(TARGET_NAME)";
				SWIFT_VERSION = 5.0;
				TARGETED_DEVICE_FAMILY = "1,2";
			};
			name = Debug;
		};
		25DECF3E25D6E0CB009474AD /* Release */ = {
			isa = XCBuildConfiguration;
			baseConfigurationReference = 9B254B1E580E55494C6738FB /* Pods-Flix.release.xcconfig */;
			buildSettings = {
				ASSETCATALOG_COMPILER_APPICON_NAME = AppIcon;
				CODE_SIGN_STYLE = Automatic;
				INFOPLIST_FILE = Flix/Info.plist;
				LD_RUNPATH_SEARCH_PATHS = (
					"$(inherited)",
					"@executable_path/Frameworks",
				);
				PRODUCT_BUNDLE_IDENTIFIER = GroupAlert.Flix;
				PRODUCT_NAME = "$(TARGET_NAME)";
				SWIFT_VERSION = 5.0;
				TARGETED_DEVICE_FAMILY = "1,2";
			};
			name = Release;
		};
		25DECF4025D6E0CB009474AD /* Debug */ = {
			isa = XCBuildConfiguration;
			baseConfigurationReference = 01B7625D7EBB0E4F38750AED /* Pods-FlixTests.debug.xcconfig */;
			buildSettings = {
				ALWAYS_EMBED_SWIFT_STANDARD_LIBRARIES = YES;
				BUNDLE_LOADER = "$(TEST_HOST)";
				CODE_SIGN_STYLE = Automatic;
				INFOPLIST_FILE = FlixTests/Info.plist;
				IPHONEOS_DEPLOYMENT_TARGET = 13.2;
				LD_RUNPATH_SEARCH_PATHS = (
					"$(inherited)",
					"@executable_path/Frameworks",
					"@loader_path/Frameworks",
				);
				PRODUCT_BUNDLE_IDENTIFIER = GroupAlert.FlixTests;
				PRODUCT_NAME = "$(TARGET_NAME)";
				SWIFT_VERSION = 5.0;
				TARGETED_DEVICE_FAMILY = "1,2";
				TEST_HOST = "$(BUILT_PRODUCTS_DIR)/Flix.app/Flix";
			};
			name = Debug;
		};
		25DECF4125D6E0CB009474AD /* Release */ = {
			isa = XCBuildConfiguration;
			baseConfigurationReference = C511DDF8A3524AFB14CA6618 /* Pods-FlixTests.release.xcconfig */;
			buildSettings = {
				ALWAYS_EMBED_SWIFT_STANDARD_LIBRARIES = YES;
				BUNDLE_LOADER = "$(TEST_HOST)";
				CODE_SIGN_STYLE = Automatic;
				INFOPLIST_FILE = FlixTests/Info.plist;
				IPHONEOS_DEPLOYMENT_TARGET = 13.2;
				LD_RUNPATH_SEARCH_PATHS = (
					"$(inherited)",
					"@executable_path/Frameworks",
					"@loader_path/Frameworks",
				);
				PRODUCT_BUNDLE_IDENTIFIER = GroupAlert.FlixTests;
				PRODUCT_NAME = "$(TARGET_NAME)";
				SWIFT_VERSION = 5.0;
				TARGETED_DEVICE_FAMILY = "1,2";
				TEST_HOST = "$(BUILT_PRODUCTS_DIR)/Flix.app/Flix";
			};
			name = Release;
		};
		25DECF4325D6E0CB009474AD /* Debug */ = {
			isa = XCBuildConfiguration;
			baseConfigurationReference = 34A9BAA3BE513A53AAE19E78 /* Pods-Flix-FlixUITests.debug.xcconfig */;
			buildSettings = {
				ALWAYS_EMBED_SWIFT_STANDARD_LIBRARIES = YES;
				CODE_SIGN_STYLE = Automatic;
				INFOPLIST_FILE = FlixUITests/Info.plist;
				LD_RUNPATH_SEARCH_PATHS = (
					"$(inherited)",
					"@executable_path/Frameworks",
					"@loader_path/Frameworks",
				);
				PRODUCT_BUNDLE_IDENTIFIER = GroupAlert.FlixUITests;
				PRODUCT_NAME = "$(TARGET_NAME)";
				SWIFT_VERSION = 5.0;
				TARGETED_DEVICE_FAMILY = "1,2";
				TEST_TARGET_NAME = Flix;
			};
			name = Debug;
		};
		25DECF4425D6E0CB009474AD /* Release */ = {
			isa = XCBuildConfiguration;
			baseConfigurationReference = 83DC887409F0ABFCC49ADD27 /* Pods-Flix-FlixUITests.release.xcconfig */;
			buildSettings = {
				ALWAYS_EMBED_SWIFT_STANDARD_LIBRARIES = YES;
				CODE_SIGN_STYLE = Automatic;
				INFOPLIST_FILE = FlixUITests/Info.plist;
				LD_RUNPATH_SEARCH_PATHS = (
					"$(inherited)",
					"@executable_path/Frameworks",
					"@loader_path/Frameworks",
				);
				PRODUCT_BUNDLE_IDENTIFIER = GroupAlert.FlixUITests;
				PRODUCT_NAME = "$(TARGET_NAME)";
				SWIFT_VERSION = 5.0;
				TARGETED_DEVICE_FAMILY = "1,2";
				TEST_TARGET_NAME = Flix;
			};
			name = Release;
		};
/* End XCBuildConfiguration section */

/* Begin XCConfigurationList section */
		25DECF0D25D6E0C6009474AD /* Build configuration list for PBXProject "Flix" */ = {
			isa = XCConfigurationList;
			buildConfigurations = (
				25DECF3A25D6E0CB009474AD /* Debug */,
				25DECF3B25D6E0CB009474AD /* Release */,
			);
			defaultConfigurationIsVisible = 0;
			defaultConfigurationName = Release;
		};
		25DECF3C25D6E0CB009474AD /* Build configuration list for PBXNativeTarget "Flix" */ = {
			isa = XCConfigurationList;
			buildConfigurations = (
				25DECF3D25D6E0CB009474AD /* Debug */,
				25DECF3E25D6E0CB009474AD /* Release */,
			);
			defaultConfigurationIsVisible = 0;
			defaultConfigurationName = Release;
		};
		25DECF3F25D6E0CB009474AD /* Build configuration list for PBXNativeTarget "FlixTests" */ = {
			isa = XCConfigurationList;
			buildConfigurations = (
				25DECF4025D6E0CB009474AD /* Debug */,
				25DECF4125D6E0CB009474AD /* Release */,
			);
			defaultConfigurationIsVisible = 0;
			defaultConfigurationName = Release;
		};
		25DECF4225D6E0CB009474AD /* Build configuration list for PBXNativeTarget "FlixUITests" */ = {
			isa = XCConfigurationList;
			buildConfigurations = (
				25DECF4325D6E0CB009474AD /* Debug */,
				25DECF4425D6E0CB009474AD /* Release */,
			);
			defaultConfigurationIsVisible = 0;
			defaultConfigurationName = Release;
		};
/* End XCConfigurationList section */
	};
	rootObject = 25DECF0A25D6E0C6009474AD /* Project object */;
}
